// !$*UTF8*$!
{
	archiveVersion = 1;
	classes = {
	};
	objectVersion = 50;
	objects = {

/* Begin PBXBuildFile section */
		1D0870F12208222D0095330D /* Data.swift in Sources */ = {isa = PBXBuildFile; fileRef = 1D0870F02208222D0095330D /* Data.swift */; };
		1D1EB3FD21F2D9DF0008394E /* UIView+Tools.swift in Sources */ = {isa = PBXBuildFile; fileRef = 1D1EB3FC21F2D9DF0008394E /* UIView+Tools.swift */; };
		1D498A53220E64A900E2BDD5 /* ImageViewCell.swift in Sources */ = {isa = PBXBuildFile; fileRef = 1D498A52220E64A900E2BDD5 /* ImageViewCell.swift */; };
		1D498A55220E64B600E2BDD5 /* ImageViewCell.xib in Resources */ = {isa = PBXBuildFile; fileRef = 1D498A54220E64B600E2BDD5 /* ImageViewCell.xib */; };
		1D5AE77221E4B6460088B3D8 /* UIKit.framework in Frameworks */ = {isa = PBXBuildFile; fileRef = 1D5AE77121E4B6460088B3D8 /* UIKit.framework */; };
		1D605F9621F2F2A200094140 /* souveni1.ttf in Resources */ = {isa = PBXBuildFile; fileRef = 1D605F9521F2EE8300094140 /* souveni1.ttf */; };
		1D605F9821F311C100094140 /* RoundedButtonView.swift in Sources */ = {isa = PBXBuildFile; fileRef = 1D605F9721F311C100094140 /* RoundedButtonView.swift */; };
		1D605F9A21F313FE00094140 /* RoundedButtonView.xib in Resources */ = {isa = PBXBuildFile; fileRef = 1D605F9921F313FE00094140 /* RoundedButtonView.xib */; };
		1D68A38322054767004B5B12 /* UITableView+Style.swift in Sources */ = {isa = PBXBuildFile; fileRef = 1D68A38222054767004B5B12 /* UITableView+Style.swift */; };
		1D68A38522059C33004B5B12 /* ViewConstants.swift in Sources */ = {isa = PBXBuildFile; fileRef = 1D68A38422059C33004B5B12 /* ViewConstants.swift */; };
		1D6ACEF021DCE4C5007FFA63 /* ButtonsCarouselView.swift in Sources */ = {isa = PBXBuildFile; fileRef = 1D6ACEEF21DCE4C5007FFA63 /* ButtonsCarouselView.swift */; };
		1D6ACEF221DCE51C007FFA63 /* ButtonCarouselView.xib in Resources */ = {isa = PBXBuildFile; fileRef = 1D6ACEF121DCE51C007FFA63 /* ButtonCarouselView.xib */; };
		1DA05FD822019A28004A7C04 /* TableCarouselView.swift in Sources */ = {isa = PBXBuildFile; fileRef = 1DA05FD722019A28004A7C04 /* TableCarouselView.swift */; };
		1DA05FDA22019A56004A7C04 /* TableCarouselView.xib in Resources */ = {isa = PBXBuildFile; fileRef = 1DA05FD922019A56004A7C04 /* TableCarouselView.xib */; };
		1DA05FDC2202E68A004A7C04 /* ImageCellViewModel.swift in Sources */ = {isa = PBXBuildFile; fileRef = 1DA05FDB2202E68A004A7C04 /* ImageCellViewModel.swift */; };
		1DC1EA8D21D0ED90002F244E /* AppDelegate.swift in Sources */ = {isa = PBXBuildFile; fileRef = 1DC1EA8C21D0ED90002F244E /* AppDelegate.swift */; };
		1DC1EA8F21D0ED90002F244E /* ViewController.swift in Sources */ = {isa = PBXBuildFile; fileRef = 1DC1EA8E21D0ED90002F244E /* ViewController.swift */; };
		1DC1EA9221D0ED90002F244E /* Main.storyboard in Resources */ = {isa = PBXBuildFile; fileRef = 1DC1EA9021D0ED90002F244E /* Main.storyboard */; };
		1DC1EA9421D0ED94002F244E /* Assets.xcassets in Resources */ = {isa = PBXBuildFile; fileRef = 1DC1EA9321D0ED94002F244E /* Assets.xcassets */; };
		1DC1EA9721D0ED94002F244E /* LaunchScreen.storyboard in Resources */ = {isa = PBXBuildFile; fileRef = 1DC1EA9521D0ED94002F244E /* LaunchScreen.storyboard */; };
		1DD253F6221184AB00A118F1 /* CircularCarousel.framework in Frameworks */ = {isa = PBXBuildFile; fileRef = 1DD253F5221184AB00A118F1 /* CircularCarousel.framework */; };
		1DD253F7221184AB00A118F1 /* CircularCarousel.framework in Embed Frameworks */ = {isa = PBXBuildFile; fileRef = 1DD253F5221184AB00A118F1 /* CircularCarousel.framework */; settings = {ATTRIBUTES = (CodeSignOnCopy, RemoveHeadersOnCopy, ); }; };
/* End PBXBuildFile section */

/* Begin PBXCopyFilesBuildPhase section */
		1D498A63220E65F400E2BDD5 /* Embed Frameworks */ = {
			isa = PBXCopyFilesBuildPhase;
			buildActionMask = 2147483647;
			dstPath = "";
			dstSubfolderSpec = 10;
			files = (
				1DD253F7221184AB00A118F1 /* CircularCarousel.framework in Embed Frameworks */,
			);
			name = "Embed Frameworks";
			runOnlyForDeploymentPostprocessing = 0;
		};
/* End PBXCopyFilesBuildPhase section */

/* Begin PBXFileReference section */
		1D0870F02208222D0095330D /* Data.swift */ = {isa = PBXFileReference; lastKnownFileType = sourcecode.swift; path = Data.swift; sourceTree = "<group>"; };
		1D1EB3FC21F2D9DF0008394E /* UIView+Tools.swift */ = {isa = PBXFileReference; lastKnownFileType = sourcecode.swift; path = "UIView+Tools.swift"; sourceTree = "<group>"; };
		1D498A52220E64A900E2BDD5 /* ImageViewCell.swift */ = {isa = PBXFileReference; fileEncoding = 4; lastKnownFileType = sourcecode.swift; path = ImageViewCell.swift; sourceTree = "<group>"; };
		1D498A54220E64B600E2BDD5 /* ImageViewCell.xib */ = {isa = PBXFileReference; fileEncoding = 4; lastKnownFileType = file.xib; path = ImageViewCell.xib; sourceTree = "<group>"; };
		1D5AE77121E4B6460088B3D8 /* UIKit.framework */ = {isa = PBXFileReference; lastKnownFileType = wrapper.framework; name = UIKit.framework; path = System/Library/Frameworks/UIKit.framework; sourceTree = SDKROOT; };
		1D605F9521F2EE8300094140 /* souveni1.ttf */ = {isa = PBXFileReference; lastKnownFileType = file; path = souveni1.ttf; sourceTree = "<group>"; };
		1D605F9721F311C100094140 /* RoundedButtonView.swift */ = {isa = PBXFileReference; lastKnownFileType = sourcecode.swift; path = RoundedButtonView.swift; sourceTree = "<group>"; };
		1D605F9921F313FE00094140 /* RoundedButtonView.xib */ = {isa = PBXFileReference; lastKnownFileType = file.xib; path = RoundedButtonView.xib; sourceTree = "<group>"; };
		1D68A38222054767004B5B12 /* UITableView+Style.swift */ = {isa = PBXFileReference; lastKnownFileType = sourcecode.swift; path = "UITableView+Style.swift"; sourceTree = "<group>"; };
		1D68A38422059C33004B5B12 /* ViewConstants.swift */ = {isa = PBXFileReference; lastKnownFileType = sourcecode.swift; path = ViewConstants.swift; sourceTree = "<group>"; };
		1D6ACEEF21DCE4C5007FFA63 /* ButtonsCarouselView.swift */ = {isa = PBXFileReference; lastKnownFileType = sourcecode.swift; path = ButtonsCarouselView.swift; sourceTree = "<group>"; };
		1D6ACEF121DCE51C007FFA63 /* ButtonCarouselView.xib */ = {isa = PBXFileReference; lastKnownFileType = file.xib; path = ButtonCarouselView.xib; sourceTree = "<group>"; };
		1DA05FD722019A28004A7C04 /* TableCarouselView.swift */ = {isa = PBXFileReference; fileEncoding = 4; lastKnownFileType = sourcecode.swift; path = TableCarouselView.swift; sourceTree = "<group>"; };
		1DA05FD922019A56004A7C04 /* TableCarouselView.xib */ = {isa = PBXFileReference; fileEncoding = 4; lastKnownFileType = file.xib; path = TableCarouselView.xib; sourceTree = "<group>"; };
		1DA05FDB2202E68A004A7C04 /* ImageCellViewModel.swift */ = {isa = PBXFileReference; lastKnownFileType = sourcecode.swift; path = ImageCellViewModel.swift; sourceTree = "<group>"; };
		1DC1EA8921D0ED90002F244E /* CircularCarousel Demo.app */ = {isa = PBXFileReference; explicitFileType = wrapper.application; includeInIndex = 0; path = "CircularCarousel Demo.app"; sourceTree = BUILT_PRODUCTS_DIR; };
		1DC1EA8C21D0ED90002F244E /* AppDelegate.swift */ = {isa = PBXFileReference; lastKnownFileType = sourcecode.swift; path = AppDelegate.swift; sourceTree = "<group>"; };
		1DC1EA8E21D0ED90002F244E /* ViewController.swift */ = {isa = PBXFileReference; lastKnownFileType = sourcecode.swift; path = ViewController.swift; sourceTree = "<group>"; };
		1DC1EA9121D0ED90002F244E /* Base */ = {isa = PBXFileReference; lastKnownFileType = file.storyboard; name = Base; path = Base.lproj/Main.storyboard; sourceTree = "<group>"; };
		1DC1EA9321D0ED94002F244E /* Assets.xcassets */ = {isa = PBXFileReference; lastKnownFileType = folder.assetcatalog; path = Assets.xcassets; sourceTree = "<group>"; };
		1DC1EA9621D0ED94002F244E /* Base */ = {isa = PBXFileReference; lastKnownFileType = file.storyboard; name = Base; path = Base.lproj/LaunchScreen.storyboard; sourceTree = "<group>"; };
		1DC1EA9821D0ED94002F244E /* Info.plist */ = {isa = PBXFileReference; lastKnownFileType = text.plist.xml; path = Info.plist; sourceTree = "<group>"; };
		1DD253F5221184AB00A118F1 /* CircularCarousel.framework */ = {isa = PBXFileReference; explicitFileType = wrapper.framework; path = CircularCarousel.framework; sourceTree = BUILT_PRODUCTS_DIR; };
/* End PBXFileReference section */

/* Begin PBXFrameworksBuildPhase section */
		1DC1EA8621D0ED90002F244E /* Frameworks */ = {
			isa = PBXFrameworksBuildPhase;
			buildActionMask = 2147483647;
			files = (
				1D5AE77221E4B6460088B3D8 /* UIKit.framework in Frameworks */,
				1DD253F6221184AB00A118F1 /* CircularCarousel.framework in Frameworks */,
			);
			runOnlyForDeploymentPostprocessing = 0;
		};
/* End PBXFrameworksBuildPhase section */

/* Begin PBXGroup section */
		1D0870F22208396E0095330D /* Data */ = {
			isa = PBXGroup;
			children = (
				1D0870F02208222D0095330D /* Data.swift */,
			);
			path = Data;
			sourceTree = "<group>";
		};
		1D1EB3FE21F2E8630008394E /* Views */ = {
			isa = PBXGroup;
			children = (
				1DA05FD922019A56004A7C04 /* TableCarouselView.xib */,
				1DC1EA9021D0ED90002F244E /* Main.storyboard */,
				1DC1EA9521D0ED94002F244E /* LaunchScreen.storyboard */,
				1D6ACEF121DCE51C007FFA63 /* ButtonCarouselView.xib */,
				1D605F9921F313FE00094140 /* RoundedButtonView.xib */,
				1D498A54220E64B600E2BDD5 /* ImageViewCell.xib */,
			);
			path = Views;
			sourceTree = "<group>";
		};
		1D1EB3FF21F2E8860008394E /* Resources */ = {
			isa = PBXGroup;
			children = (
				1D605F9521F2EE8300094140 /* souveni1.ttf */,
				1DC1EA9321D0ED94002F244E /* Assets.xcassets */,
				1DC1EA9821D0ED94002F244E /* Info.plist */,
			);
			path = Resources;
			sourceTree = "<group>";
		};
		1D1EB40021F2E89B0008394E /* Code */ = {
			isa = PBXGroup;
			children = (
				1DC1EA8C21D0ED90002F244E /* AppDelegate.swift */,
				1DC1EA8E21D0ED90002F244E /* ViewController.swift */,
				1DA05FD722019A28004A7C04 /* TableCarouselView.swift */,
				1D6ACEEF21DCE4C5007FFA63 /* ButtonsCarouselView.swift */,
				1D1EB3FC21F2D9DF0008394E /* UIView+Tools.swift */,
				1D605F9721F311C100094140 /* RoundedButtonView.swift */,
				1DA05FDB2202E68A004A7C04 /* ImageCellViewModel.swift */,
				1D68A38222054767004B5B12 /* UITableView+Style.swift */,
				1D68A38422059C33004B5B12 /* ViewConstants.swift */,
				1D498A52220E64A900E2BDD5 /* ImageViewCell.swift */,
			);
			path = Code;
			sourceTree = "<group>";
		};
		1D5AE76E21E4B2C50088B3D8 /* Frameworks */ = {
			isa = PBXGroup;
			children = (
				1D5AE77121E4B6460088B3D8 /* UIKit.framework */,
			);
			name = Frameworks;
			sourceTree = "<group>";
		};
		1DC1EA8021D0ED90002F244E = {
			isa = PBXGroup;
			children = (
				1DD253F5221184AB00A118F1 /* CircularCarousel.framework */,
				1DC1EA8B21D0ED90002F244E /* CircularCarousel Demo */,
				1DC1EA8A21D0ED90002F244E /* Products */,
				1D5AE76E21E4B2C50088B3D8 /* Frameworks */,
			);
			sourceTree = "<group>";
		};
		1DC1EA8A21D0ED90002F244E /* Products */ = {
			isa = PBXGroup;
			children = (
				1DC1EA8921D0ED90002F244E /* CircularCarousel Demo.app */,
			);
			name = Products;
			sourceTree = "<group>";
		};
		1DC1EA8B21D0ED90002F244E /* CircularCarousel Demo */ = {
			isa = PBXGroup;
			children = (
				1D1EB40021F2E89B0008394E /* Code */,
				1D0870F22208396E0095330D /* Data */,
				1D1EB3FF21F2E8860008394E /* Resources */,
				1D1EB3FE21F2E8630008394E /* Views */,
			);
			path = "CircularCarousel Demo";
			sourceTree = "<group>";
		};
/* End PBXGroup section */

/* Begin PBXNativeTarget section */
		1DC1EA8821D0ED90002F244E /* CircularCarousel Demo */ = {
			isa = PBXNativeTarget;
			buildConfigurationList = 1DC1EA9B21D0ED94002F244E /* Build configuration list for PBXNativeTarget "CircularCarousel Demo" */;
			buildPhases = (
				1DC1EA8521D0ED90002F244E /* Sources */,
				1DC1EA8621D0ED90002F244E /* Frameworks */,
				1DC1EA8721D0ED90002F244E /* Resources */,
				1D498A63220E65F400E2BDD5 /* Embed Frameworks */,
			);
			buildRules = (
			);
			dependencies = (
			);
			name = "CircularCarousel Demo";
			productName = "RACarousel Demo";
			productReference = 1DC1EA8921D0ED90002F244E /* CircularCarousel Demo.app */;
			productType = "com.apple.product-type.application";
		};
/* End PBXNativeTarget section */

/* Begin PBXProject section */
		1DC1EA8121D0ED90002F244E /* Project object */ = {
			isa = PBXProject;
			attributes = {
				LastSwiftUpdateCheck = 1010;
				LastUpgradeCheck = 1010;
				ORGANIZATIONNAME = "Piotr Suwara";
				TargetAttributes = {
					1DC1EA8821D0ED90002F244E = {
						CreatedOnToolsVersion = 10.1;
						LastSwiftMigration = 1020;
					};
				};
			};
			buildConfigurationList = 1DC1EA8421D0ED90002F244E /* Build configuration list for PBXProject "CircularCarousel Demo" */;
			compatibilityVersion = "Xcode 9.3";
			developmentRegion = en;
			hasScannedForEncodings = 0;
			knownRegions = (
				en,
				Base,
			);
			mainGroup = 1DC1EA8021D0ED90002F244E;
			productRefGroup = 1DC1EA8A21D0ED90002F244E /* Products */;
			projectDirPath = "";
			projectRoot = "";
			targets = (
				1DC1EA8821D0ED90002F244E /* CircularCarousel Demo */,
			);
		};
/* End PBXProject section */

/* Begin PBXResourcesBuildPhase section */
		1DC1EA8721D0ED90002F244E /* Resources */ = {
			isa = PBXResourcesBuildPhase;
			buildActionMask = 2147483647;
			files = (
				1D498A55220E64B600E2BDD5 /* ImageViewCell.xib in Resources */,
				1D605F9621F2F2A200094140 /* souveni1.ttf in Resources */,
				1DC1EA9721D0ED94002F244E /* LaunchScreen.storyboard in Resources */,
				1DC1EA9421D0ED94002F244E /* Assets.xcassets in Resources */,
				1DC1EA9221D0ED90002F244E /* Main.storyboard in Resources */,
				1D605F9A21F313FE00094140 /* RoundedButtonView.xib in Resources */,
				1D6ACEF221DCE51C007FFA63 /* ButtonCarouselView.xib in Resources */,
				1DA05FDA22019A56004A7C04 /* TableCarouselView.xib in Resources */,
			);
			runOnlyForDeploymentPostprocessing = 0;
		};
/* End PBXResourcesBuildPhase section */

/* Begin PBXSourcesBuildPhase section */
		1DC1EA8521D0ED90002F244E /* Sources */ = {
			isa = PBXSourcesBuildPhase;
			buildActionMask = 2147483647;
			files = (
				1D605F9821F311C100094140 /* RoundedButtonView.swift in Sources */,
				1DA05FD822019A28004A7C04 /* TableCarouselView.swift in Sources */,
				1D68A38322054767004B5B12 /* UITableView+Style.swift in Sources */,
				1D1EB3FD21F2D9DF0008394E /* UIView+Tools.swift in Sources */,
				1D0870F12208222D0095330D /* Data.swift in Sources */,
				1D68A38522059C33004B5B12 /* ViewConstants.swift in Sources */,
				1D6ACEF021DCE4C5007FFA63 /* ButtonsCarouselView.swift in Sources */,
				1DA05FDC2202E68A004A7C04 /* ImageCellViewModel.swift in Sources */,
				1DC1EA8F21D0ED90002F244E /* ViewController.swift in Sources */,
				1D498A53220E64A900E2BDD5 /* ImageViewCell.swift in Sources */,
				1DC1EA8D21D0ED90002F244E /* AppDelegate.swift in Sources */,
			);
			runOnlyForDeploymentPostprocessing = 0;
		};
/* End PBXSourcesBuildPhase section */

/* Begin PBXVariantGroup section */
		1DC1EA9021D0ED90002F244E /* Main.storyboard */ = {
			isa = PBXVariantGroup;
			children = (
				1DC1EA9121D0ED90002F244E /* Base */,
			);
			name = Main.storyboard;
			sourceTree = "<group>";
		};
		1DC1EA9521D0ED94002F244E /* LaunchScreen.storyboard */ = {
			isa = PBXVariantGroup;
			children = (
				1DC1EA9621D0ED94002F244E /* Base */,
			);
			name = LaunchScreen.storyboard;
			sourceTree = "<group>";
		};
/* End PBXVariantGroup section */

/* Begin XCBuildConfiguration section */
		1DC1EA9921D0ED94002F244E /* Debug */ = {
			isa = XCBuildConfiguration;
			buildSettings = {
				ALWAYS_SEARCH_USER_PATHS = NO;
				CLANG_ANALYZER_NONNULL = YES;
				CLANG_ANALYZER_NUMBER_OBJECT_CONVERSION = YES_AGGRESSIVE;
				CLANG_CXX_LANGUAGE_STANDARD = "gnu++14";
				CLANG_CXX_LIBRARY = "libc++";
				CLANG_ENABLE_MODULES = YES;
				CLANG_ENABLE_OBJC_ARC = YES;
				CLANG_ENABLE_OBJC_WEAK = YES;
				CLANG_WARN_BLOCK_CAPTURE_AUTORELEASING = YES;
				CLANG_WARN_BOOL_CONVERSION = YES;
				CLANG_WARN_COMMA = YES;
				CLANG_WARN_CONSTANT_CONVERSION = YES;
				CLANG_WARN_DEPRECATED_OBJC_IMPLEMENTATIONS = YES;
				CLANG_WARN_DIRECT_OBJC_ISA_USAGE = YES_ERROR;
				CLANG_WARN_DOCUMENTATION_COMMENTS = YES;
				CLANG_WARN_EMPTY_BODY = YES;
				CLANG_WARN_ENUM_CONVERSION = YES;
				CLANG_WARN_INFINITE_RECURSION = YES;
				CLANG_WARN_INT_CONVERSION = YES;
				CLANG_WARN_NON_LITERAL_NULL_CONVERSION = YES;
				CLANG_WARN_OBJC_IMPLICIT_RETAIN_SELF = YES;
				CLANG_WARN_OBJC_LITERAL_CONVERSION = YES;
				CLANG_WARN_OBJC_ROOT_CLASS = YES_ERROR;
				CLANG_WARN_RANGE_LOOP_ANALYSIS = YES;
				CLANG_WARN_STRICT_PROTOTYPES = YES;
				CLANG_WARN_SUSPICIOUS_MOVE = YES;
				CLANG_WARN_UNGUARDED_AVAILABILITY = YES_AGGRESSIVE;
				CLANG_WARN_UNREACHABLE_CODE = YES;
				CLANG_WARN__DUPLICATE_METHOD_MATCH = YES;
				CODE_SIGN_IDENTITY = "iPhone Developer";
				COPY_PHASE_STRIP = NO;
				DEBUG_INFORMATION_FORMAT = dwarf;
				ENABLE_STRICT_OBJC_MSGSEND = YES;
				ENABLE_TESTABILITY = YES;
				GCC_C_LANGUAGE_STANDARD = gnu11;
				GCC_DYNAMIC_NO_PIC = NO;
				GCC_NO_COMMON_BLOCKS = YES;
				GCC_OPTIMIZATION_LEVEL = 0;
				GCC_PREPROCESSOR_DEFINITIONS = (
					"DEBUG=1",
					"$(inherited)",
				);
				GCC_WARN_64_TO_32_BIT_CONVERSION = YES;
				GCC_WARN_ABOUT_RETURN_TYPE = YES_ERROR;
				GCC_WARN_UNDECLARED_SELECTOR = YES;
				GCC_WARN_UNINITIALIZED_AUTOS = YES_AGGRESSIVE;
				GCC_WARN_UNUSED_FUNCTION = YES;
				GCC_WARN_UNUSED_VARIABLE = YES;
				IPHONEOS_DEPLOYMENT_TARGET = 12.0;
				MTL_ENABLE_DEBUG_INFO = INCLUDE_SOURCE;
				MTL_FAST_MATH = YES;
				ONLY_ACTIVE_ARCH = YES;
				SDKROOT = iphoneos;
				SWIFT_ACTIVE_COMPILATION_CONDITIONS = DEBUG;
				SWIFT_OPTIMIZATION_LEVEL = "-Onone";
			};
			name = Debug;
		};
		1DC1EA9A21D0ED94002F244E /* Release */ = {
			isa = XCBuildConfiguration;
			buildSettings = {
				ALWAYS_SEARCH_USER_PATHS = NO;
				CLANG_ANALYZER_NONNULL = YES;
				CLANG_ANALYZER_NUMBER_OBJECT_CONVERSION = YES_AGGRESSIVE;
				CLANG_CXX_LANGUAGE_STANDARD = "gnu++14";
				CLANG_CXX_LIBRARY = "libc++";
				CLANG_ENABLE_MODULES = YES;
				CLANG_ENABLE_OBJC_ARC = YES;
				CLANG_ENABLE_OBJC_WEAK = YES;
				CLANG_WARN_BLOCK_CAPTURE_AUTORELEASING = YES;
				CLANG_WARN_BOOL_CONVERSION = YES;
				CLANG_WARN_COMMA = YES;
				CLANG_WARN_CONSTANT_CONVERSION = YES;
				CLANG_WARN_DEPRECATED_OBJC_IMPLEMENTATIONS = YES;
				CLANG_WARN_DIRECT_OBJC_ISA_USAGE = YES_ERROR;
				CLANG_WARN_DOCUMENTATION_COMMENTS = YES;
				CLANG_WARN_EMPTY_BODY = YES;
				CLANG_WARN_ENUM_CONVERSION = YES;
				CLANG_WARN_INFINITE_RECURSION = YES;
				CLANG_WARN_INT_CONVERSION = YES;
				CLANG_WARN_NON_LITERAL_NULL_CONVERSION = YES;
				CLANG_WARN_OBJC_IMPLICIT_RETAIN_SELF = YES;
				CLANG_WARN_OBJC_LITERAL_CONVERSION = YES;
				CLANG_WARN_OBJC_ROOT_CLASS = YES_ERROR;
				CLANG_WARN_RANGE_LOOP_ANALYSIS = YES;
				CLANG_WARN_STRICT_PROTOTYPES = YES;
				CLANG_WARN_SUSPICIOUS_MOVE = YES;
				CLANG_WARN_UNGUARDED_AVAILABILITY = YES_AGGRESSIVE;
				CLANG_WARN_UNREACHABLE_CODE = YES;
				CLANG_WARN__DUPLICATE_METHOD_MATCH = YES;
				CODE_SIGN_IDENTITY = "iPhone Developer";
				COPY_PHASE_STRIP = NO;
				DEBUG_INFORMATION_FORMAT = "dwarf-with-dsym";
				ENABLE_NS_ASSERTIONS = NO;
				ENABLE_STRICT_OBJC_MSGSEND = YES;
				GCC_C_LANGUAGE_STANDARD = gnu11;
				GCC_NO_COMMON_BLOCKS = YES;
				GCC_WARN_64_TO_32_BIT_CONVERSION = YES;
				GCC_WARN_ABOUT_RETURN_TYPE = YES_ERROR;
				GCC_WARN_UNDECLARED_SELECTOR = YES;
				GCC_WARN_UNINITIALIZED_AUTOS = YES_AGGRESSIVE;
				GCC_WARN_UNUSED_FUNCTION = YES;
				GCC_WARN_UNUSED_VARIABLE = YES;
				IPHONEOS_DEPLOYMENT_TARGET = 12.0;
				MTL_ENABLE_DEBUG_INFO = NO;
				MTL_FAST_MATH = YES;
				SDKROOT = iphoneos;
				SWIFT_COMPILATION_MODE = wholemodule;
				SWIFT_OPTIMIZATION_LEVEL = "-O";
				VALIDATE_PRODUCT = YES;
			};
			name = Release;
		};
		1DC1EA9C21D0ED94002F244E /* Debug */ = {
			isa = XCBuildConfiguration;
			buildSettings = {
				ASSETCATALOG_COMPILER_APPICON_NAME = AppIcon;
				CODE_SIGN_STYLE = Automatic;
				DEVELOPMENT_TEAM = U9E7JWZWR9;
				INFOPLIST_FILE = "$(SRCROOT)/CircularCarousel Demo/Resources/Info.plist";
				LD_RUNPATH_SEARCH_PATHS = (
					"$(inherited)",
					"@executable_path/Frameworks",
					"$(CONFIGURATION_BUILD_DIR)",
				);
				PRODUCT_BUNDLE_IDENTIFIER = "Realityworks.RACarousel-Demo";
				PRODUCT_NAME = "$(TARGET_NAME)";
				SWIFT_VERSION = 5.0;
				TARGETED_DEVICE_FAMILY = "1,2";
			};
			name = Debug;
		};
		1DC1EA9D21D0ED94002F244E /* Release */ = {
			isa = XCBuildConfiguration;
			buildSettings = {
				ASSETCATALOG_COMPILER_APPICON_NAME = AppIcon;
				CODE_SIGN_STYLE = Automatic;
				DEVELOPMENT_TEAM = U9E7JWZWR9;
				INFOPLIST_FILE = "$(SRCROOT)/CircularCarousel Demo/Resources/Info.plist";
				LD_RUNPATH_SEARCH_PATHS = (
					"$(inherited)",
					"@executable_path/Frameworks",
					"$(CONFIGURATION_BUILD_DIR)",
				);
				PRODUCT_BUNDLE_IDENTIFIER = "Realityworks.RACarousel-Demo";
				PRODUCT_NAME = "$(TARGET_NAME)";
				SWIFT_VERSION = 5.0;
				TARGETED_DEVICE_FAMILY = "1,2";
			};
			name = Release;
		};
/* End XCBuildConfiguration section */

/* Begin XCConfigurationList section */
		1DC1EA8421D0ED90002F244E /* Build configuration list for PBXProject "CircularCarousel Demo" */ = {
			isa = XCConfigurationList;
			buildConfigurations = (
				1DC1EA9921D0ED94002F244E /* Debug */,
				1DC1EA9A21D0ED94002F244E /* Release */,
			);
			defaultConfigurationIsVisible = 0;
			defaultConfigurationName = Release;
		};
		1DC1EA9B21D0ED94002F244E /* Build configuration list for PBXNativeTarget "CircularCarousel Demo" */ = {
			isa = XCConfigurationList;
			buildConfigurations = (
				1DC1EA9C21D0ED94002F244E /* Debug */,
				1DC1EA9D21D0ED94002F244E /* Release */,
			);
			defaultConfigurationIsVisible = 0;
			defaultConfigurationName = Release;
		};
/* End XCConfigurationList section */
	};
	rootObject = 1DC1EA8121D0ED90002F244E /* Project object */;
}
